
Microsoft Visual Studio Solution File, Format Version 12.00
Project("{FAE04EC0-301F-11D3-BF4B-00C04F79EFBC}") = "leetcode-42", "leetcode-42\leetcode-42.csproj", "{4FCCF66E-3AB9-4320-BD86-592F7CEB9C12}"
EndProject
Project("{FAE04EC0-301F-11D3-BF4B-00C04F79EFBC}") = "leetcode-7", "leetcode-7\leetcode-7.csproj", "{C3EADA9B-3DA6-4A33-8CF0-4CF699E9F157}"
EndProject
Project("{FAE04EC0-301F-11D3-BF4B-00C04F79EFBC}") = "leetcode-9", "leetcode-9\leetcode-9.csproj", "{11CEB421-83D9-45D6-B303-257C4D0626FF}"
EndProject
Project("{FAE04EC0-301F-11D3-BF4B-00C04F79EFBC}") = "leetcode-13", "leetcode-13\leetcode-13.csproj", "{FBF36A3B-8241-4734-9E44-714718D7C7D7}"
EndProject
Project("{FAE04EC0-301F-11D3-BF4B-00C04F79EFBC}") = "leetcode-460", "leetcode-460\leetcode-460.csproj", "{E466ABB8-0517-4FC5-BF56-BC7B80A3E28A}"
EndProject
Project("{FAE04EC0-301F-11D3-BF4B-00C04F79EFBC}") = "leetcode-72", "leetcode-72\leetcode-72.csproj", "{84FFDCFA-3A87-4308-8A48-B2757EFFCCBA}"
EndProject
Project("{FAE04EC0-301F-11D3-BF4B-00C04F79EFBC}") = "leetcode-8", "leetcode-8\leetcode-8.csproj", "{B3FB7844-B94A-4FD4-888B-49EE9D7A71EA}"
EndProject
Project("{FAE04EC0-301F-11D3-BF4B-00C04F79EFBC}") = "leetcode-m-1-4", "leetcode-m-1-4\leetcode-m-1-4.csproj", "{D2E2D911-14FB-4291-A77F-4A2B17E14C2C}"
EndProject
Project("{FAE04EC0-301F-11D3-BF4B-00C04F79EFBC}") = "leetcode-card", "leetcode-card\leetcode-card.csproj", "{3E6D9DA7-393C-4506-8251-F71458147AB5}"
EndProject
Project("{FAE04EC0-301F-11D3-BF4B-00C04F79EFBC}") = "leetcode-121", "leetcode-121\leetcode-121.csproj", "{16412721-DCA8-4F52-B0CF-2E28D764295F}"
EndProject
Project("{FAE04EC0-301F-11D3-BF4B-00C04F79EFBC}") = "leetcode-169", "leetcode-169\leetcode-169.csproj", "{6EEC1E9F-87A9-422D-AE45-34AD94BA6E1E}"
EndProject
Project("{FAE04EC0-301F-11D3-BF4B-00C04F79EFBC}") = "leetcode-206", "leetcode-206\leetcode-206.csproj", "{3D07B884-7ED5-44A9-B603-7FAFA6DDDCBF}"
EndProject
Project("{FAE04EC0-301F-11D3-BF4B-00C04F79EFBC}") = "leetcode-22", "leetcode-22\leetcode-22.csproj", "{8755F769-4D60-40B0-9B56-9F08CB431730}"
EndProject
Project("{FAE04EC0-301F-11D3-BF4B-00C04F79EFBC}") = "leetcode-225", "leetcode-225\leetcode-225.csproj", "{14216F2D-9A12-47C8-AF3B-C4DD14BACCCC}"
EndProject
Project("{FAE04EC0-301F-11D3-BF4B-00C04F79EFBC}") = "leetcode-300", "leetcode-300\leetcode-300.csproj", "{1786B5AF-8982-4D50-A2FD-BAC93866A1DA}"
EndProject
Project("{FAE04EC0-301F-11D3-BF4B-00C04F79EFBC}") = "leetcode-151", "leetcode-151\leetcode-151.csproj", "{17E5E802-029D-49F0-8DA9-62876BABFE0A}"
EndProject
Project("{FAE04EC0-301F-11D3-BF4B-00C04F79EFBC}") = "leetcode-409", "leetcode-409\leetcode-409.csproj", "{38A4173A-D619-4EAA-AE86-2CA5628D8504}"
EndProject
Project("{FAE04EC0-301F-11D3-BF4B-00C04F79EFBC}") = "leetcode-887", "leetcode-887\leetcode-887.csproj", "{174BB529-7ED1-4C22-8522-D3771AA4E7FE}"
EndProject
Project("{FAE04EC0-301F-11D3-BF4B-00C04F79EFBC}") = "leetcode-1300", "leetcode-1300\leetcode-1300.csproj", "{49A65CFC-E6DF-4A20-9CD1-1160078856BD}"
EndProject
Project("{FAE04EC0-301F-11D3-BF4B-00C04F79EFBC}") = "leetcode-14", "leetcode-14\leetcode-14.csproj", "{C25ADE18-C568-47DA-8A66-EB9138C6DC6B}"
EndProject
Global
	GlobalSection(SolutionConfigurationPlatforms) = preSolution
		Debug|Any CPU = Debug|Any CPU
		Release|Any CPU = Release|Any CPU
	EndGlobalSection
	GlobalSection(ProjectConfigurationPlatforms) = postSolution
		{4FCCF66E-3AB9-4320-BD86-592F7CEB9C12}.Debug|Any CPU.ActiveCfg = Debug|Any CPU
		{4FCCF66E-3AB9-4320-BD86-592F7CEB9C12}.Debug|Any CPU.Build.0 = Debug|Any CPU
		{4FCCF66E-3AB9-4320-BD86-592F7CEB9C12}.Release|Any CPU.ActiveCfg = Release|Any CPU
		{4FCCF66E-3AB9-4320-BD86-592F7CEB9C12}.Release|Any CPU.Build.0 = Release|Any CPU
		{C3EADA9B-3DA6-4A33-8CF0-4CF699E9F157}.Debug|Any CPU.ActiveCfg = Debug|Any CPU
		{C3EADA9B-3DA6-4A33-8CF0-4CF699E9F157}.Debug|Any CPU.Build.0 = Debug|Any CPU
		{C3EADA9B-3DA6-4A33-8CF0-4CF699E9F157}.Release|Any CPU.ActiveCfg = Release|Any CPU
		{C3EADA9B-3DA6-4A33-8CF0-4CF699E9F157}.Release|Any CPU.Build.0 = Release|Any CPU
		{11CEB421-83D9-45D6-B303-257C4D0626FF}.Debug|Any CPU.ActiveCfg = Debug|Any CPU
		{11CEB421-83D9-45D6-B303-257C4D0626FF}.Debug|Any CPU.Build.0 = Debug|Any CPU
		{11CEB421-83D9-45D6-B303-257C4D0626FF}.Release|Any CPU.ActiveCfg = Release|Any CPU
		{11CEB421-83D9-45D6-B303-257C4D0626FF}.Release|Any CPU.Build.0 = Release|Any CPU
		{FBF36A3B-8241-4734-9E44-714718D7C7D7}.Debug|Any CPU.ActiveCfg = Debug|Any CPU
		{FBF36A3B-8241-4734-9E44-714718D7C7D7}.Debug|Any CPU.Build.0 = Debug|Any CPU
		{FBF36A3B-8241-4734-9E44-714718D7C7D7}.Release|Any CPU.ActiveCfg = Release|Any CPU
		{FBF36A3B-8241-4734-9E44-714718D7C7D7}.Release|Any CPU.Build.0 = Release|Any CPU
		{E466ABB8-0517-4FC5-BF56-BC7B80A3E28A}.Debug|Any CPU.ActiveCfg = Debug|Any CPU
		{E466ABB8-0517-4FC5-BF56-BC7B80A3E28A}.Debug|Any CPU.Build.0 = Debug|Any CPU
		{E466ABB8-0517-4FC5-BF56-BC7B80A3E28A}.Release|Any CPU.ActiveCfg = Release|Any CPU
		{E466ABB8-0517-4FC5-BF56-BC7B80A3E28A}.Release|Any CPU.Build.0 = Release|Any CPU
		{84FFDCFA-3A87-4308-8A48-B2757EFFCCBA}.Debug|Any CPU.ActiveCfg = Debug|Any CPU
		{84FFDCFA-3A87-4308-8A48-B2757EFFCCBA}.Debug|Any CPU.Build.0 = Debug|Any CPU
		{84FFDCFA-3A87-4308-8A48-B2757EFFCCBA}.Release|Any CPU.ActiveCfg = Release|Any CPU
		{84FFDCFA-3A87-4308-8A48-B2757EFFCCBA}.Release|Any CPU.Build.0 = Release|Any CPU
		{B3FB7844-B94A-4FD4-888B-49EE9D7A71EA}.Debug|Any CPU.ActiveCfg = Debug|Any CPU
		{B3FB7844-B94A-4FD4-888B-49EE9D7A71EA}.Debug|Any CPU.Build.0 = Debug|Any CPU
		{B3FB7844-B94A-4FD4-888B-49EE9D7A71EA}.Release|Any CPU.ActiveCfg = Release|Any CPU
		{B3FB7844-B94A-4FD4-888B-49EE9D7A71EA}.Release|Any CPU.Build.0 = Release|Any CPU
		{D2E2D911-14FB-4291-A77F-4A2B17E14C2C}.Debug|Any CPU.ActiveCfg = Debug|Any CPU
		{D2E2D911-14FB-4291-A77F-4A2B17E14C2C}.Debug|Any CPU.Build.0 = Debug|Any CPU
		{D2E2D911-14FB-4291-A77F-4A2B17E14C2C}.Release|Any CPU.ActiveCfg = Release|Any CPU
		{D2E2D911-14FB-4291-A77F-4A2B17E14C2C}.Release|Any CPU.Build.0 = Release|Any CPU
		{3E6D9DA7-393C-4506-8251-F71458147AB5}.Debug|Any CPU.ActiveCfg = Debug|Any CPU
		{3E6D9DA7-393C-4506-8251-F71458147AB5}.Debug|Any CPU.Build.0 = Debug|Any CPU
		{3E6D9DA7-393C-4506-8251-F71458147AB5}.Release|Any CPU.ActiveCfg = Release|Any CPU
		{3E6D9DA7-393C-4506-8251-F71458147AB5}.Release|Any CPU.Build.0 = Release|Any CPU
		{16412721-DCA8-4F52-B0CF-2E28D764295F}.Debug|Any CPU.ActiveCfg = Debug|Any CPU
		{16412721-DCA8-4F52-B0CF-2E28D764295F}.Debug|Any CPU.Build.0 = Debug|Any CPU
		{16412721-DCA8-4F52-B0CF-2E28D764295F}.Release|Any CPU.ActiveCfg = Release|Any CPU
		{16412721-DCA8-4F52-B0CF-2E28D764295F}.Release|Any CPU.Build.0 = Release|Any CPU
		{6EEC1E9F-87A9-422D-AE45-34AD94BA6E1E}.Debug|Any CPU.ActiveCfg = Debug|Any CPU
		{6EEC1E9F-87A9-422D-AE45-34AD94BA6E1E}.Debug|Any CPU.Build.0 = Debug|Any CPU
		{6EEC1E9F-87A9-422D-AE45-34AD94BA6E1E}.Release|Any CPU.ActiveCfg = Release|Any CPU
		{6EEC1E9F-87A9-422D-AE45-34AD94BA6E1E}.Release|Any CPU.Build.0 = Release|Any CPU
		{3D07B884-7ED5-44A9-B603-7FAFA6DDDCBF}.Debug|Any CPU.ActiveCfg = Debug|Any CPU
		{3D07B884-7ED5-44A9-B603-7FAFA6DDDCBF}.Debug|Any CPU.Build.0 = Debug|Any CPU
		{3D07B884-7ED5-44A9-B603-7FAFA6DDDCBF}.Release|Any CPU.ActiveCfg = Release|Any CPU
		{3D07B884-7ED5-44A9-B603-7FAFA6DDDCBF}.Release|Any CPU.Build.0 = Release|Any CPU
		{8755F769-4D60-40B0-9B56-9F08CB431730}.Debug|Any CPU.ActiveCfg = Debug|Any CPU
		{8755F769-4D60-40B0-9B56-9F08CB431730}.Debug|Any CPU.Build.0 = Debug|Any CPU
		{8755F769-4D60-40B0-9B56-9F08CB431730}.Release|Any CPU.ActiveCfg = Release|Any CPU
		{8755F769-4D60-40B0-9B56-9F08CB431730}.Release|Any CPU.Build.0 = Release|Any CPU
		{14216F2D-9A12-47C8-AF3B-C4DD14BACCCC}.Debug|Any CPU.ActiveCfg = Debug|Any CPU
		{14216F2D-9A12-47C8-AF3B-C4DD14BACCCC}.Debug|Any CPU.Build.0 = Debug|Any CPU
		{14216F2D-9A12-47C8-AF3B-C4DD14BACCCC}.Release|Any CPU.ActiveCfg = Release|Any CPU
		{14216F2D-9A12-47C8-AF3B-C4DD14BACCCC}.Release|Any CPU.Build.0 = Release|Any CPU
		{1786B5AF-8982-4D50-A2FD-BAC93866A1DA}.Debug|Any CPU.ActiveCfg = Debug|Any CPU
		{1786B5AF-8982-4D50-A2FD-BAC93866A1DA}.Debug|Any CPU.Build.0 = Debug|Any CPU
		{1786B5AF-8982-4D50-A2FD-BAC93866A1DA}.Release|Any CPU.ActiveCfg = Release|Any CPU
		{1786B5AF-8982-4D50-A2FD-BAC93866A1DA}.Release|Any CPU.Build.0 = Release|Any CPU
		{17E5E802-029D-49F0-8DA9-62876BABFE0A}.Debug|Any CPU.ActiveCfg = Debug|Any CPU
		{17E5E802-029D-49F0-8DA9-62876BABFE0A}.Debug|Any CPU.Build.0 = Debug|Any CPU
		{17E5E802-029D-49F0-8DA9-62876BABFE0A}.Release|Any CPU.ActiveCfg = Release|Any CPU
		{17E5E802-029D-49F0-8DA9-62876BABFE0A}.Release|Any CPU.Build.0 = Release|Any CPU
		{38A4173A-D619-4EAA-AE86-2CA5628D8504}.Debug|Any CPU.ActiveCfg = Debug|Any CPU
		{38A4173A-D619-4EAA-AE86-2CA5628D8504}.Debug|Any CPU.Build.0 = Debug|Any CPU
		{38A4173A-D619-4EAA-AE86-2CA5628D8504}.Release|Any CPU.ActiveCfg = Release|Any CPU
		{38A4173A-D619-4EAA-AE86-2CA5628D8504}.Release|Any CPU.Build.0 = Release|Any CPU
		{174BB529-7ED1-4C22-8522-D3771AA4E7FE}.Debug|Any CPU.ActiveCfg = Debug|Any CPU
		{174BB529-7ED1-4C22-8522-D3771AA4E7FE}.Debug|Any CPU.Build.0 = Debug|Any CPU
		{174BB529-7ED1-4C22-8522-D3771AA4E7FE}.Release|Any CPU.ActiveCfg = Release|Any CPU
		{174BB529-7ED1-4C22-8522-D3771AA4E7FE}.Release|Any CPU.Build.0 = Release|Any CPU
		{49A65CFC-E6DF-4A20-9CD1-1160078856BD}.Debug|Any CPU.ActiveCfg = Debug|Any CPU
		{49A65CFC-E6DF-4A20-9CD1-1160078856BD}.Debug|Any CPU.Build.0 = Debug|Any CPU
		{49A65CFC-E6DF-4A20-9CD1-1160078856BD}.Release|Any CPU.ActiveCfg = Release|Any CPU
		{49A65CFC-E6DF-4A20-9CD1-1160078856BD}.Release|Any CPU.Build.0 = Release|Any CPU
		{C25ADE18-C568-47DA-8A66-EB9138C6DC6B}.Debug|Any CPU.ActiveCfg = Debug|Any CPU
		{C25ADE18-C568-47DA-8A66-EB9138C6DC6B}.Debug|Any CPU.Build.0 = Debug|Any CPU
		{C25ADE18-C568-47DA-8A66-EB9138C6DC6B}.Release|Any CPU.ActiveCfg = Release|Any CPU
		{C25ADE18-C568-47DA-8A66-EB9138C6DC6B}.Release|Any CPU.Build.0 = Release|Any CPU
	EndGlobalSection
EndGlobal
