
Microsoft Visual Studio Solution File, Format Version 12.00
Project("{FAE04EC0-301F-11D3-BF4B-00C04F79EFBC}") = "leetcode-42", "leetcode-42\leetcode-42.csproj", "{4FCCF66E-3AB9-4320-BD86-592F7CEB9C12}"
EndProject
Project("{FAE04EC0-301F-11D3-BF4B-00C04F79EFBC}") = "leetcode-7", "leetcode-7\leetcode-7.csproj", "{C3EADA9B-3DA6-4A33-8CF0-4CF699E9F157}"
EndProject
Project("{FAE04EC0-301F-11D3-BF4B-00C04F79EFBC}") = "leetcode-9", "leetcode-9\leetcode-9.csproj", "{11CEB421-83D9-45D6-B303-257C4D0626FF}"
EndProject
Project("{FAE04EC0-301F-11D3-BF4B-00C04F79EFBC}") = "leetcode-13", "leetcode-13\leetcode-13.csproj", "{FBF36A3B-8241-4734-9E44-714718D7C7D7}"
EndProject
Project("{FAE04EC0-301F-11D3-BF4B-00C04F79EFBC}") = "leetcode-460", "leetcode-460\leetcode-460.csproj", "{E466ABB8-0517-4FC5-BF56-BC7B80A3E28A}"
EndProject
Project("{FAE04EC0-301F-11D3-BF4B-00C04F79EFBC}") = "leetcode-72", "leetcode-72\leetcode-72.csproj", "{84FFDCFA-3A87-4308-8A48-B2757EFFCCBA}"
EndProject
Project("{FAE04EC0-301F-11D3-BF4B-00C04F79EFBC}") = "leetcode-8", "leetcode-8\leetcode-8.csproj", "{B3FB7844-B94A-4FD4-888B-49EE9D7A71EA}"
EndProject
Project("{FAE04EC0-301F-11D3-BF4B-00C04F79EFBC}") = "leetcode-m-1-4", "leetcode-m-1-4\leetcode-m-1-4.csproj", "{D2E2D911-14FB-4291-A77F-4A2B17E14C2C}"
EndProject
Project("{FAE04EC0-301F-11D3-BF4B-00C04F79EFBC}") = "leetcode-card", "leetcode-card\leetcode-card.csproj", "{3E6D9DA7-393C-4506-8251-F71458147AB5}"
EndProject
Project("{FAE04EC0-301F-11D3-BF4B-00C04F79EFBC}") = "leetcode-121", "leetcode-121\leetcode-121.csproj", "{16412721-DCA8-4F52-B0CF-2E28D764295F}"
EndProject
Project("{FAE04EC0-301F-11D3-BF4B-00C04F79EFBC}") = "leetcode-169", "leetcode-169\leetcode-169.csproj", "{6EEC1E9F-87A9-422D-AE45-34AD94BA6E1E}"
EndProject
Project("{FAE04EC0-301F-11D3-BF4B-00C04F79EFBC}") = "leetcode-206", "leetcode-206\leetcode-206.csproj", "{3D07B884-7ED5-44A9-B603-7FAFA6DDDCBF}"
EndProject
Project("{FAE04EC0-301F-11D3-BF4B-00C04F79EFBC}") = "leetcode-22", "leetcode-22\leetcode-22.csproj", "{8755F769-4D60-40B0-9B56-9F08CB431730}"
EndProject
Project("{FAE04EC0-301F-11D3-BF4B-00C04F79EFBC}") = "leetcode-225", "leetcode-225\leetcode-225.csproj", "{14216F2D-9A12-47C8-AF3B-C4DD14BACCCC}"
EndProject
Project("{FAE04EC0-301F-11D3-BF4B-00C04F79EFBC}") = "leetcode-300", "leetcode-300\leetcode-300.csproj", "{1786B5AF-8982-4D50-A2FD-BAC93866A1DA}"
EndProject
Project("{FAE04EC0-301F-11D3-BF4B-00C04F79EFBC}") = "leetcode-151", "leetcode-151\leetcode-151.csproj", "{17E5E802-029D-49F0-8DA9-62876BABFE0A}"
EndProject
Project("{FAE04EC0-301F-11D3-BF4B-00C04F79EFBC}") = "leetcode-409", "leetcode-409\leetcode-409.csproj", "{38A4173A-D619-4EAA-AE86-2CA5628D8504}"
EndProject
Project("{FAE04EC0-301F-11D3-BF4B-00C04F79EFBC}") = "leetcode-887", "leetcode-887\leetcode-887.csproj", "{174BB529-7ED1-4C22-8522-D3771AA4E7FE}"
EndProject
Project("{FAE04EC0-301F-11D3-BF4B-00C04F79EFBC}") = "leetcode-1300", "leetcode-1300\leetcode-1300.csproj", "{49A65CFC-E6DF-4A20-9CD1-1160078856BD}"
EndProject
Project("{FAE04EC0-301F-11D3-BF4B-00C04F79EFBC}") = "leetcode-14", "leetcode-14\leetcode-14.csproj", "{C25ADE18-C568-47DA-8A66-EB9138C6DC6B}"
EndProject
Project("{FAE04EC0-301F-11D3-BF4B-00C04F79EFBC}") = "leetcode-297", "leetcode-297\leetcode-297.csproj", "{92AFBACE-9FFD-4D83-A72C-D4DB536CC9EB}"
EndProject
Project("{FAE04EC0-301F-11D3-BF4B-00C04F79EFBC}") = "leetcode-1014", "leetcode-1014\leetcode-1014.csproj", "{D9C5438C-329F-4116-AA28-6B84EA87DF3A}"
EndProject
Project("{FAE04EC0-301F-11D3-BF4B-00C04F79EFBC}") = "leetcode-20", "leetcode-20\leetcode-20.csproj", "{40E5B8EE-A5F4-4F86-833D-6819D36C0BF4}"
EndProject
Project("{FAE04EC0-301F-11D3-BF4B-00C04F79EFBC}") = "leetcode-1160", "leetcode-1160\leetcode-1160.csproj", "{89D2D4BF-3983-4B80-8528-A704DA758A39}"
EndProject
Project("{FAE04EC0-301F-11D3-BF4B-00C04F79EFBC}") = "leetcode-1028", "leetcode-1028\leetcode-1028.csproj", "{3382EF89-0A91-42BB-8E8D-8E309C968E6F}"
EndProject
Project("{FAE04EC0-301F-11D3-BF4B-00C04F79EFBC}") = "leetcode-999", "leetcode-999\leetcode-999.csproj", "{863EBCD6-7DE3-42EE-9AA1-E6F8D74FB950}"
EndProject
Project("{FAE04EC0-301F-11D3-BF4B-00C04F79EFBC}") = "leetcode-125", "leetcode-125\leetcode-125.csproj", "{ADB88254-0A5C-4C88-9D4F-01DAAAF5A916}"
EndProject
Project("{FAE04EC0-301F-11D3-BF4B-00C04F79EFBC}") = "leetcode-10", "leetcode-10\leetcode-10.csproj", "{E193918B-560D-4460-8BEE-D5F902C86270}"
EndProject
Project("{FAE04EC0-301F-11D3-BF4B-00C04F79EFBC}") = "leetcode-m-16-18", "leetcode-m-16-18\leetcode-m-16-18.csproj", "{F29A8D5F-1307-437B-8B9D-1D83939333A0}"
EndProject
Project("{FAE04EC0-301F-11D3-BF4B-00C04F79EFBC}") = "leetcode-m-2-1", "leetcode-m-2-1\leetcode-m-2-1.csproj", "{525D65CD-D82F-45E8-A4C3-CA4C88136D94}"
EndProject
Project("{FAE04EC0-301F-11D3-BF4B-00C04F79EFBC}") = "leetcode-209", "leetcode-209\leetcode-209.csproj", "{499D9202-A456-4179-B45E-240C68A55EE0}"
EndProject
Project("{FAE04EC0-301F-11D3-BF4B-00C04F79EFBC}") = "leetcode-o-9", "leetcode-o-9\leetcode-o-9.csproj", "{7B6EE557-B6C0-4A52-B47E-0F8C3306AEB7}"
EndProject
Project("{FAE04EC0-301F-11D3-BF4B-00C04F79EFBC}") = "leetcode-718", "leetcode-718\leetcode-718.csproj", "{72B6F266-C74A-43BA-A5C2-54241ED9C0CB}"
EndProject
Project("{FAE04EC0-301F-11D3-BF4B-00C04F79EFBC}") = "leetcode-378", "leetcode-378\leetcode-378.csproj", "{7FDABC02-F0FF-4340-8DA7-771C2032522D}"
EndProject
Project("{FAE04EC0-301F-11D3-BF4B-00C04F79EFBC}") = "leetcode-733", "leetcode-733\leetcode-733.csproj", "{BEA27FF8-06D5-4146-889B-CCDD0C970DFA}"
EndProject
Global
	GlobalSection(SolutionConfigurationPlatforms) = preSolution
		Debug|Any CPU = Debug|Any CPU
		Release|Any CPU = Release|Any CPU
	EndGlobalSection
	GlobalSection(ProjectConfigurationPlatforms) = postSolution
		{4FCCF66E-3AB9-4320-BD86-592F7CEB9C12}.Debug|Any CPU.ActiveCfg = Debug|Any CPU
		{4FCCF66E-3AB9-4320-BD86-592F7CEB9C12}.Debug|Any CPU.Build.0 = Debug|Any CPU
		{4FCCF66E-3AB9-4320-BD86-592F7CEB9C12}.Release|Any CPU.ActiveCfg = Release|Any CPU
		{4FCCF66E-3AB9-4320-BD86-592F7CEB9C12}.Release|Any CPU.Build.0 = Release|Any CPU
		{C3EADA9B-3DA6-4A33-8CF0-4CF699E9F157}.Debug|Any CPU.ActiveCfg = Debug|Any CPU
		{C3EADA9B-3DA6-4A33-8CF0-4CF699E9F157}.Debug|Any CPU.Build.0 = Debug|Any CPU
		{C3EADA9B-3DA6-4A33-8CF0-4CF699E9F157}.Release|Any CPU.ActiveCfg = Release|Any CPU
		{C3EADA9B-3DA6-4A33-8CF0-4CF699E9F157}.Release|Any CPU.Build.0 = Release|Any CPU
		{11CEB421-83D9-45D6-B303-257C4D0626FF}.Debug|Any CPU.ActiveCfg = Debug|Any CPU
		{11CEB421-83D9-45D6-B303-257C4D0626FF}.Debug|Any CPU.Build.0 = Debug|Any CPU
		{11CEB421-83D9-45D6-B303-257C4D0626FF}.Release|Any CPU.ActiveCfg = Release|Any CPU
		{11CEB421-83D9-45D6-B303-257C4D0626FF}.Release|Any CPU.Build.0 = Release|Any CPU
		{FBF36A3B-8241-4734-9E44-714718D7C7D7}.Debug|Any CPU.ActiveCfg = Debug|Any CPU
		{FBF36A3B-8241-4734-9E44-714718D7C7D7}.Debug|Any CPU.Build.0 = Debug|Any CPU
		{FBF36A3B-8241-4734-9E44-714718D7C7D7}.Release|Any CPU.ActiveCfg = Release|Any CPU
		{FBF36A3B-8241-4734-9E44-714718D7C7D7}.Release|Any CPU.Build.0 = Release|Any CPU
		{E466ABB8-0517-4FC5-BF56-BC7B80A3E28A}.Debug|Any CPU.ActiveCfg = Debug|Any CPU
		{E466ABB8-0517-4FC5-BF56-BC7B80A3E28A}.Debug|Any CPU.Build.0 = Debug|Any CPU
		{E466ABB8-0517-4FC5-BF56-BC7B80A3E28A}.Release|Any CPU.ActiveCfg = Release|Any CPU
		{E466ABB8-0517-4FC5-BF56-BC7B80A3E28A}.Release|Any CPU.Build.0 = Release|Any CPU
		{84FFDCFA-3A87-4308-8A48-B2757EFFCCBA}.Debug|Any CPU.ActiveCfg = Debug|Any CPU
		{84FFDCFA-3A87-4308-8A48-B2757EFFCCBA}.Debug|Any CPU.Build.0 = Debug|Any CPU
		{84FFDCFA-3A87-4308-8A48-B2757EFFCCBA}.Release|Any CPU.ActiveCfg = Release|Any CPU
		{84FFDCFA-3A87-4308-8A48-B2757EFFCCBA}.Release|Any CPU.Build.0 = Release|Any CPU
		{B3FB7844-B94A-4FD4-888B-49EE9D7A71EA}.Debug|Any CPU.ActiveCfg = Debug|Any CPU
		{B3FB7844-B94A-4FD4-888B-49EE9D7A71EA}.Debug|Any CPU.Build.0 = Debug|Any CPU
		{B3FB7844-B94A-4FD4-888B-49EE9D7A71EA}.Release|Any CPU.ActiveCfg = Release|Any CPU
		{B3FB7844-B94A-4FD4-888B-49EE9D7A71EA}.Release|Any CPU.Build.0 = Release|Any CPU
		{D2E2D911-14FB-4291-A77F-4A2B17E14C2C}.Debug|Any CPU.ActiveCfg = Debug|Any CPU
		{D2E2D911-14FB-4291-A77F-4A2B17E14C2C}.Debug|Any CPU.Build.0 = Debug|Any CPU
		{D2E2D911-14FB-4291-A77F-4A2B17E14C2C}.Release|Any CPU.ActiveCfg = Release|Any CPU
		{D2E2D911-14FB-4291-A77F-4A2B17E14C2C}.Release|Any CPU.Build.0 = Release|Any CPU
		{3E6D9DA7-393C-4506-8251-F71458147AB5}.Debug|Any CPU.ActiveCfg = Debug|Any CPU
		{3E6D9DA7-393C-4506-8251-F71458147AB5}.Debug|Any CPU.Build.0 = Debug|Any CPU
		{3E6D9DA7-393C-4506-8251-F71458147AB5}.Release|Any CPU.ActiveCfg = Release|Any CPU
		{3E6D9DA7-393C-4506-8251-F71458147AB5}.Release|Any CPU.Build.0 = Release|Any CPU
		{16412721-DCA8-4F52-B0CF-2E28D764295F}.Debug|Any CPU.ActiveCfg = Debug|Any CPU
		{16412721-DCA8-4F52-B0CF-2E28D764295F}.Debug|Any CPU.Build.0 = Debug|Any CPU
		{16412721-DCA8-4F52-B0CF-2E28D764295F}.Release|Any CPU.ActiveCfg = Release|Any CPU
		{16412721-DCA8-4F52-B0CF-2E28D764295F}.Release|Any CPU.Build.0 = Release|Any CPU
		{6EEC1E9F-87A9-422D-AE45-34AD94BA6E1E}.Debug|Any CPU.ActiveCfg = Debug|Any CPU
		{6EEC1E9F-87A9-422D-AE45-34AD94BA6E1E}.Debug|Any CPU.Build.0 = Debug|Any CPU
		{6EEC1E9F-87A9-422D-AE45-34AD94BA6E1E}.Release|Any CPU.ActiveCfg = Release|Any CPU
		{6EEC1E9F-87A9-422D-AE45-34AD94BA6E1E}.Release|Any CPU.Build.0 = Release|Any CPU
		{3D07B884-7ED5-44A9-B603-7FAFA6DDDCBF}.Debug|Any CPU.ActiveCfg = Debug|Any CPU
		{3D07B884-7ED5-44A9-B603-7FAFA6DDDCBF}.Debug|Any CPU.Build.0 = Debug|Any CPU
		{3D07B884-7ED5-44A9-B603-7FAFA6DDDCBF}.Release|Any CPU.ActiveCfg = Release|Any CPU
		{3D07B884-7ED5-44A9-B603-7FAFA6DDDCBF}.Release|Any CPU.Build.0 = Release|Any CPU
		{8755F769-4D60-40B0-9B56-9F08CB431730}.Debug|Any CPU.ActiveCfg = Debug|Any CPU
		{8755F769-4D60-40B0-9B56-9F08CB431730}.Debug|Any CPU.Build.0 = Debug|Any CPU
		{8755F769-4D60-40B0-9B56-9F08CB431730}.Release|Any CPU.ActiveCfg = Release|Any CPU
		{8755F769-4D60-40B0-9B56-9F08CB431730}.Release|Any CPU.Build.0 = Release|Any CPU
		{14216F2D-9A12-47C8-AF3B-C4DD14BACCCC}.Debug|Any CPU.ActiveCfg = Debug|Any CPU
		{14216F2D-9A12-47C8-AF3B-C4DD14BACCCC}.Debug|Any CPU.Build.0 = Debug|Any CPU
		{14216F2D-9A12-47C8-AF3B-C4DD14BACCCC}.Release|Any CPU.ActiveCfg = Release|Any CPU
		{14216F2D-9A12-47C8-AF3B-C4DD14BACCCC}.Release|Any CPU.Build.0 = Release|Any CPU
		{1786B5AF-8982-4D50-A2FD-BAC93866A1DA}.Debug|Any CPU.ActiveCfg = Debug|Any CPU
		{1786B5AF-8982-4D50-A2FD-BAC93866A1DA}.Debug|Any CPU.Build.0 = Debug|Any CPU
		{1786B5AF-8982-4D50-A2FD-BAC93866A1DA}.Release|Any CPU.ActiveCfg = Release|Any CPU
		{1786B5AF-8982-4D50-A2FD-BAC93866A1DA}.Release|Any CPU.Build.0 = Release|Any CPU
		{17E5E802-029D-49F0-8DA9-62876BABFE0A}.Debug|Any CPU.ActiveCfg = Debug|Any CPU
		{17E5E802-029D-49F0-8DA9-62876BABFE0A}.Debug|Any CPU.Build.0 = Debug|Any CPU
		{17E5E802-029D-49F0-8DA9-62876BABFE0A}.Release|Any CPU.ActiveCfg = Release|Any CPU
		{17E5E802-029D-49F0-8DA9-62876BABFE0A}.Release|Any CPU.Build.0 = Release|Any CPU
		{38A4173A-D619-4EAA-AE86-2CA5628D8504}.Debug|Any CPU.ActiveCfg = Debug|Any CPU
		{38A4173A-D619-4EAA-AE86-2CA5628D8504}.Debug|Any CPU.Build.0 = Debug|Any CPU
		{38A4173A-D619-4EAA-AE86-2CA5628D8504}.Release|Any CPU.ActiveCfg = Release|Any CPU
		{38A4173A-D619-4EAA-AE86-2CA5628D8504}.Release|Any CPU.Build.0 = Release|Any CPU
		{174BB529-7ED1-4C22-8522-D3771AA4E7FE}.Debug|Any CPU.ActiveCfg = Debug|Any CPU
		{174BB529-7ED1-4C22-8522-D3771AA4E7FE}.Debug|Any CPU.Build.0 = Debug|Any CPU
		{174BB529-7ED1-4C22-8522-D3771AA4E7FE}.Release|Any CPU.ActiveCfg = Release|Any CPU
		{174BB529-7ED1-4C22-8522-D3771AA4E7FE}.Release|Any CPU.Build.0 = Release|Any CPU
		{49A65CFC-E6DF-4A20-9CD1-1160078856BD}.Debug|Any CPU.ActiveCfg = Debug|Any CPU
		{49A65CFC-E6DF-4A20-9CD1-1160078856BD}.Debug|Any CPU.Build.0 = Debug|Any CPU
		{49A65CFC-E6DF-4A20-9CD1-1160078856BD}.Release|Any CPU.ActiveCfg = Release|Any CPU
		{49A65CFC-E6DF-4A20-9CD1-1160078856BD}.Release|Any CPU.Build.0 = Release|Any CPU
		{C25ADE18-C568-47DA-8A66-EB9138C6DC6B}.Debug|Any CPU.ActiveCfg = Debug|Any CPU
		{C25ADE18-C568-47DA-8A66-EB9138C6DC6B}.Debug|Any CPU.Build.0 = Debug|Any CPU
		{C25ADE18-C568-47DA-8A66-EB9138C6DC6B}.Release|Any CPU.ActiveCfg = Release|Any CPU
		{C25ADE18-C568-47DA-8A66-EB9138C6DC6B}.Release|Any CPU.Build.0 = Release|Any CPU
		{92AFBACE-9FFD-4D83-A72C-D4DB536CC9EB}.Debug|Any CPU.ActiveCfg = Debug|Any CPU
		{92AFBACE-9FFD-4D83-A72C-D4DB536CC9EB}.Debug|Any CPU.Build.0 = Debug|Any CPU
		{92AFBACE-9FFD-4D83-A72C-D4DB536CC9EB}.Release|Any CPU.ActiveCfg = Release|Any CPU
		{92AFBACE-9FFD-4D83-A72C-D4DB536CC9EB}.Release|Any CPU.Build.0 = Release|Any CPU
		{D9C5438C-329F-4116-AA28-6B84EA87DF3A}.Debug|Any CPU.ActiveCfg = Debug|Any CPU
		{D9C5438C-329F-4116-AA28-6B84EA87DF3A}.Debug|Any CPU.Build.0 = Debug|Any CPU
		{D9C5438C-329F-4116-AA28-6B84EA87DF3A}.Release|Any CPU.ActiveCfg = Release|Any CPU
		{D9C5438C-329F-4116-AA28-6B84EA87DF3A}.Release|Any CPU.Build.0 = Release|Any CPU
		{40E5B8EE-A5F4-4F86-833D-6819D36C0BF4}.Debug|Any CPU.ActiveCfg = Debug|Any CPU
		{40E5B8EE-A5F4-4F86-833D-6819D36C0BF4}.Debug|Any CPU.Build.0 = Debug|Any CPU
		{40E5B8EE-A5F4-4F86-833D-6819D36C0BF4}.Release|Any CPU.ActiveCfg = Release|Any CPU
		{40E5B8EE-A5F4-4F86-833D-6819D36C0BF4}.Release|Any CPU.Build.0 = Release|Any CPU
		{89D2D4BF-3983-4B80-8528-A704DA758A39}.Debug|Any CPU.ActiveCfg = Debug|Any CPU
		{89D2D4BF-3983-4B80-8528-A704DA758A39}.Debug|Any CPU.Build.0 = Debug|Any CPU
		{89D2D4BF-3983-4B80-8528-A704DA758A39}.Release|Any CPU.ActiveCfg = Release|Any CPU
		{89D2D4BF-3983-4B80-8528-A704DA758A39}.Release|Any CPU.Build.0 = Release|Any CPU
		{3382EF89-0A91-42BB-8E8D-8E309C968E6F}.Debug|Any CPU.ActiveCfg = Debug|Any CPU
		{3382EF89-0A91-42BB-8E8D-8E309C968E6F}.Debug|Any CPU.Build.0 = Debug|Any CPU
		{3382EF89-0A91-42BB-8E8D-8E309C968E6F}.Release|Any CPU.ActiveCfg = Release|Any CPU
		{3382EF89-0A91-42BB-8E8D-8E309C968E6F}.Release|Any CPU.Build.0 = Release|Any CPU
		{863EBCD6-7DE3-42EE-9AA1-E6F8D74FB950}.Debug|Any CPU.ActiveCfg = Debug|Any CPU
		{863EBCD6-7DE3-42EE-9AA1-E6F8D74FB950}.Debug|Any CPU.Build.0 = Debug|Any CPU
		{863EBCD6-7DE3-42EE-9AA1-E6F8D74FB950}.Release|Any CPU.ActiveCfg = Release|Any CPU
		{863EBCD6-7DE3-42EE-9AA1-E6F8D74FB950}.Release|Any CPU.Build.0 = Release|Any CPU
		{ADB88254-0A5C-4C88-9D4F-01DAAAF5A916}.Debug|Any CPU.ActiveCfg = Debug|Any CPU
		{ADB88254-0A5C-4C88-9D4F-01DAAAF5A916}.Debug|Any CPU.Build.0 = Debug|Any CPU
		{ADB88254-0A5C-4C88-9D4F-01DAAAF5A916}.Release|Any CPU.ActiveCfg = Release|Any CPU
		{ADB88254-0A5C-4C88-9D4F-01DAAAF5A916}.Release|Any CPU.Build.0 = Release|Any CPU
		{E193918B-560D-4460-8BEE-D5F902C86270}.Debug|Any CPU.ActiveCfg = Debug|Any CPU
		{E193918B-560D-4460-8BEE-D5F902C86270}.Debug|Any CPU.Build.0 = Debug|Any CPU
		{E193918B-560D-4460-8BEE-D5F902C86270}.Release|Any CPU.ActiveCfg = Release|Any CPU
		{E193918B-560D-4460-8BEE-D5F902C86270}.Release|Any CPU.Build.0 = Release|Any CPU
		{F29A8D5F-1307-437B-8B9D-1D83939333A0}.Debug|Any CPU.ActiveCfg = Debug|Any CPU
		{F29A8D5F-1307-437B-8B9D-1D83939333A0}.Debug|Any CPU.Build.0 = Debug|Any CPU
		{F29A8D5F-1307-437B-8B9D-1D83939333A0}.Release|Any CPU.ActiveCfg = Release|Any CPU
		{F29A8D5F-1307-437B-8B9D-1D83939333A0}.Release|Any CPU.Build.0 = Release|Any CPU
		{525D65CD-D82F-45E8-A4C3-CA4C88136D94}.Debug|Any CPU.ActiveCfg = Debug|Any CPU
		{525D65CD-D82F-45E8-A4C3-CA4C88136D94}.Debug|Any CPU.Build.0 = Debug|Any CPU
		{525D65CD-D82F-45E8-A4C3-CA4C88136D94}.Release|Any CPU.ActiveCfg = Release|Any CPU
		{525D65CD-D82F-45E8-A4C3-CA4C88136D94}.Release|Any CPU.Build.0 = Release|Any CPU
		{499D9202-A456-4179-B45E-240C68A55EE0}.Debug|Any CPU.ActiveCfg = Debug|Any CPU
		{499D9202-A456-4179-B45E-240C68A55EE0}.Debug|Any CPU.Build.0 = Debug|Any CPU
		{499D9202-A456-4179-B45E-240C68A55EE0}.Release|Any CPU.ActiveCfg = Release|Any CPU
		{499D9202-A456-4179-B45E-240C68A55EE0}.Release|Any CPU.Build.0 = Release|Any CPU
		{7B6EE557-B6C0-4A52-B47E-0F8C3306AEB7}.Debug|Any CPU.ActiveCfg = Debug|Any CPU
		{7B6EE557-B6C0-4A52-B47E-0F8C3306AEB7}.Debug|Any CPU.Build.0 = Debug|Any CPU
		{7B6EE557-B6C0-4A52-B47E-0F8C3306AEB7}.Release|Any CPU.ActiveCfg = Release|Any CPU
		{7B6EE557-B6C0-4A52-B47E-0F8C3306AEB7}.Release|Any CPU.Build.0 = Release|Any CPU
		{72B6F266-C74A-43BA-A5C2-54241ED9C0CB}.Debug|Any CPU.ActiveCfg = Debug|Any CPU
		{72B6F266-C74A-43BA-A5C2-54241ED9C0CB}.Debug|Any CPU.Build.0 = Debug|Any CPU
		{72B6F266-C74A-43BA-A5C2-54241ED9C0CB}.Release|Any CPU.ActiveCfg = Release|Any CPU
		{72B6F266-C74A-43BA-A5C2-54241ED9C0CB}.Release|Any CPU.Build.0 = Release|Any CPU
		{7FDABC02-F0FF-4340-8DA7-771C2032522D}.Debug|Any CPU.ActiveCfg = Debug|Any CPU
		{7FDABC02-F0FF-4340-8DA7-771C2032522D}.Debug|Any CPU.Build.0 = Debug|Any CPU
		{7FDABC02-F0FF-4340-8DA7-771C2032522D}.Release|Any CPU.ActiveCfg = Release|Any CPU
		{7FDABC02-F0FF-4340-8DA7-771C2032522D}.Release|Any CPU.Build.0 = Release|Any CPU
		{BEA27FF8-06D5-4146-889B-CCDD0C970DFA}.Debug|Any CPU.ActiveCfg = Debug|Any CPU
		{BEA27FF8-06D5-4146-889B-CCDD0C970DFA}.Debug|Any CPU.Build.0 = Debug|Any CPU
		{BEA27FF8-06D5-4146-889B-CCDD0C970DFA}.Release|Any CPU.ActiveCfg = Release|Any CPU
		{BEA27FF8-06D5-4146-889B-CCDD0C970DFA}.Release|Any CPU.Build.0 = Release|Any CPU
	EndGlobalSection
EndGlobal
